
Microsoft Visual Studio Solution File, Format Version 12.00
# Visual Studio 2013
VisualStudioVersion = 12.0.30324.0
MinimumVisualStudioVersion = 10.0.40219.1
Project("{8BC9CEB8-8B4A-11D0-8D11-00A0C91BC942}") = "1-InitDirect3D", "DirectXLearning\DirectXLearning.vcxproj", "{986BC910-B2E9-48D5-A95D-98A7BC1980B3}"
EndProject
Project("{8BC9CEB8-8B4A-11D0-8D11-00A0C91BC942}") = "2-ColouredCube", "2-ColouredCube\2-ColouredCube.vcxproj", "{2B00A0A2-1895-44A3-81C5-48031BC03C9C}"
	ProjectSection(ProjectDependencies) = postProject
		{33D3756E-8EAB-4574-9AC4-63FBBA5E0286} = {33D3756E-8EAB-4574-9AC4-63FBBA5E0286}
	EndProjectSection
EndProject
Project("{8BC9CEB8-8B4A-11D0-8D11-00A0C91BC942}") = "Sandbox", "Sandbox\Sandbox.vcxproj", "{95F5234B-8074-488F-8911-44B03EB4A6A8}"
EndProject
Project("{8BC9CEB8-8B4A-11D0-8D11-00A0C91BC942}") = "3-Lighting", "3-Lighting\3-Lighting.vcxproj", "{648FCD52-08AB-43F3-9F0D-4CAF8E69B394}"
EndProject
Project("{8BC9CEB8-8B4A-11D0-8D11-00A0C91BC942}") = "4_1-Textured_Crate", "4_1-Textured_Crate\4_1-Textured_Crate.vcxproj", "{E540231E-3480-4578-BAA8-3D4398C812EA}"
	ProjectSection(ProjectDependencies) = postProject
		{33D3756E-8EAB-4574-9AC4-63FBBA5E0286} = {33D3756E-8EAB-4574-9AC4-63FBBA5E0286}
	EndProjectSection
EndProject
Project("{8BC9CEB8-8B4A-11D0-8D11-00A0C91BC942}") = "DXEngine", "DXEngine\DXEngine.vcxproj", "{33D3756E-8EAB-4574-9AC4-63FBBA5E0286}"
EndProject
Project("{8BC9CEB8-8B4A-11D0-8D11-00A0C91BC942}") = "4_2-Land_Water_Textured", "4_2-Land_Water_Textured\4_2-Land_Water_Textured.vcxproj", "{84B73A0C-757A-4971-AF6C-2E2BD7B5845F}"
	ProjectSection(ProjectDependencies) = postProject
		{33D3756E-8EAB-4574-9AC4-63FBBA5E0286} = {33D3756E-8EAB-4574-9AC4-63FBBA5E0286}
	EndProjectSection
EndProject
Project("{8BC9CEB8-8B4A-11D0-8D11-00A0C91BC942}") = "5_1-Clip_Pixel", "5_1-Clip_Pixel\5_1-Clip_Pixel.vcxproj", "{0F40220C-B8F8-4E8F-9217-53AA4EE281EC}"
	ProjectSection(ProjectDependencies) = postProject
		{33D3756E-8EAB-4574-9AC4-63FBBA5E0286} = {33D3756E-8EAB-4574-9AC4-63FBBA5E0286}
	EndProjectSection
EndProject
Project("{8BC9CEB8-8B4A-11D0-8D11-00A0C91BC942}") = "5_2-Fog", "5_2-Fog\5_2-Fog.vcxproj", "{54148A84-856D-4FE5-902C-1BBBEC56B14D}"
	ProjectSection(ProjectDependencies) = postProject
		{33D3756E-8EAB-4574-9AC4-63FBBA5E0286} = {33D3756E-8EAB-4574-9AC4-63FBBA5E0286}
	EndProjectSection
EndProject
Project("{8BC9CEB8-8B4A-11D0-8D11-00A0C91BC942}") = "6_1-Mirror", "6_1-Mirror\6_1-Mirror.vcxproj", "{C36432C7-73BF-4A64-AC70-9DF052CFA056}"
	ProjectSection(ProjectDependencies) = postProject
		{33D3756E-8EAB-4574-9AC4-63FBBA5E0286} = {33D3756E-8EAB-4574-9AC4-63FBBA5E0286}
		{3E630678-D2A8-4F6B-9C79-2C0A5BF9ACF2} = {3E630678-D2A8-4F6B-9C79-2C0A5BF9ACF2}
	EndProjectSection
EndProject
Project("{8BC9CEB8-8B4A-11D0-8D11-00A0C91BC942}") = "7_1-Sphere", "7_1-Sphere\7_1-Sphere.vcxproj", "{5EB09CE6-6EF9-43DB-AFCC-9907197079DD}"
	ProjectSection(ProjectDependencies) = postProject
		{33D3756E-8EAB-4574-9AC4-63FBBA5E0286} = {33D3756E-8EAB-4574-9AC4-63FBBA5E0286}
	EndProjectSection
EndProject
Project("{8BC9CEB8-8B4A-11D0-8D11-00A0C91BC942}") = "DXSandbox", "DXSandbox\DXSandbox.vcxproj", "{6A768118-E7A3-4D59-92F6-A89783B2E589}"
	ProjectSection(ProjectDependencies) = postProject
		{3E630678-D2A8-4F6B-9C79-2C0A5BF9ACF2} = {3E630678-D2A8-4F6B-9C79-2C0A5BF9ACF2}
	EndProjectSection
EndProject
Project("{8BC9CEB8-8B4A-11D0-8D11-00A0C91BC942}") = "DXEffects", "DXEffects\DXEffects.vcxproj", "{3E630678-D2A8-4F6B-9C79-2C0A5BF9ACF2}"
	ProjectSection(ProjectDependencies) = postProject
		{33D3756E-8EAB-4574-9AC4-63FBBA5E0286} = {33D3756E-8EAB-4574-9AC4-63FBBA5E0286}
	EndProjectSection
EndProject
Project("{8BC9CEB8-8B4A-11D0-8D11-00A0C91BC942}") = "ModelsTest1", "ModelsTest1\ModelsTest1.vcxproj", "{4AEFD679-92BA-4D7D-B606-5DB9D22E1944}"
EndProject
Project("{8BC9CEB8-8B4A-11D0-8D11-00A0C91BC942}") = "ModelsTest2", "ModelsTest2\ModelsTest2.vcxproj", "{01887F84-B094-4224-BF0E-FA93CEBA326F}"
	ProjectSection(ProjectDependencies) = postProject
		{33D3756E-8EAB-4574-9AC4-63FBBA5E0286} = {33D3756E-8EAB-4574-9AC4-63FBBA5E0286}
		{3E630678-D2A8-4F6B-9C79-2C0A5BF9ACF2} = {3E630678-D2A8-4F6B-9C79-2C0A5BF9ACF2}
	EndProjectSection
EndProject
Project("{8BC9CEB8-8B4A-11D0-8D11-00A0C91BC942}") = "LightTileIntersectionTest", "LightTileIntersectionTest\LightTileIntersectionTest.vcxproj", "{0AE56AE6-DFA9-4FAB-9C79-4005AA3E6318}"
EndProject
Project("{8BC9CEB8-8B4A-11D0-8D11-00A0C91BC942}") = "SemiReflectiveWindow", "SemiReflectiveWindow\SemiReflectiveWindow.vcxproj", "{3ED927F7-F27A-48B0-B062-DD17C32A5A00}"
	ProjectSection(ProjectDependencies) = postProject
		{33D3756E-8EAB-4574-9AC4-63FBBA5E0286} = {33D3756E-8EAB-4574-9AC4-63FBBA5E0286}
		{3E630678-D2A8-4F6B-9C79-2C0A5BF9ACF2} = {3E630678-D2A8-4F6B-9C79-2C0A5BF9ACF2}
	EndProjectSection
EndProject
Global
	GlobalSection(SolutionConfigurationPlatforms) = preSolution
		Debug|Win32 = Debug|Win32
		Debug|x64 = Debug|x64
		Release|Win32 = Release|Win32
		Release|x64 = Release|x64
	EndGlobalSection
	GlobalSection(ProjectConfigurationPlatforms) = postSolution
		{986BC910-B2E9-48D5-A95D-98A7BC1980B3}.Debug|Win32.ActiveCfg = Debug|Win32
		{986BC910-B2E9-48D5-A95D-98A7BC1980B3}.Debug|x64.ActiveCfg = Debug|x64
		{986BC910-B2E9-48D5-A95D-98A7BC1980B3}.Release|Win32.ActiveCfg = Release|Win32
		{986BC910-B2E9-48D5-A95D-98A7BC1980B3}.Release|x64.ActiveCfg = Release|x64
		{2B00A0A2-1895-44A3-81C5-48031BC03C9C}.Debug|Win32.ActiveCfg = Debug|Win32
		{2B00A0A2-1895-44A3-81C5-48031BC03C9C}.Debug|Win32.Build.0 = Debug|Win32
		{2B00A0A2-1895-44A3-81C5-48031BC03C9C}.Debug|x64.ActiveCfg = Debug|x64
		{2B00A0A2-1895-44A3-81C5-48031BC03C9C}.Debug|x64.Build.0 = Debug|x64
		{2B00A0A2-1895-44A3-81C5-48031BC03C9C}.Release|Win32.ActiveCfg = Release|Win32
		{2B00A0A2-1895-44A3-81C5-48031BC03C9C}.Release|Win32.Build.0 = Release|Win32
		{2B00A0A2-1895-44A3-81C5-48031BC03C9C}.Release|x64.ActiveCfg = Release|x64
		{2B00A0A2-1895-44A3-81C5-48031BC03C9C}.Release|x64.Build.0 = Release|x64
		{95F5234B-8074-488F-8911-44B03EB4A6A8}.Debug|Win32.ActiveCfg = Debug|Win32
		{95F5234B-8074-488F-8911-44B03EB4A6A8}.Debug|Win32.Build.0 = Debug|Win32
		{95F5234B-8074-488F-8911-44B03EB4A6A8}.Debug|x64.ActiveCfg = Debug|x64
		{95F5234B-8074-488F-8911-44B03EB4A6A8}.Debug|x64.Build.0 = Debug|x64
		{95F5234B-8074-488F-8911-44B03EB4A6A8}.Release|Win32.ActiveCfg = Release|Win32
		{95F5234B-8074-488F-8911-44B03EB4A6A8}.Release|Win32.Build.0 = Release|Win32
		{95F5234B-8074-488F-8911-44B03EB4A6A8}.Release|x64.ActiveCfg = Release|x64
		{95F5234B-8074-488F-8911-44B03EB4A6A8}.Release|x64.Build.0 = Release|x64
		{648FCD52-08AB-43F3-9F0D-4CAF8E69B394}.Debug|Win32.ActiveCfg = Debug|Win32
		{648FCD52-08AB-43F3-9F0D-4CAF8E69B394}.Debug|Win32.Build.0 = Debug|Win32
		{648FCD52-08AB-43F3-9F0D-4CAF8E69B394}.Debug|x64.ActiveCfg = Debug|x64
		{648FCD52-08AB-43F3-9F0D-4CAF8E69B394}.Debug|x64.Build.0 = Debug|x64
		{648FCD52-08AB-43F3-9F0D-4CAF8E69B394}.Release|Win32.ActiveCfg = Release|Win32
		{648FCD52-08AB-43F3-9F0D-4CAF8E69B394}.Release|Win32.Build.0 = Release|Win32
		{648FCD52-08AB-43F3-9F0D-4CAF8E69B394}.Release|x64.ActiveCfg = Release|x64
		{648FCD52-08AB-43F3-9F0D-4CAF8E69B394}.Release|x64.Build.0 = Release|x64
		{E540231E-3480-4578-BAA8-3D4398C812EA}.Debug|Win32.ActiveCfg = Debug|Win32
		{E540231E-3480-4578-BAA8-3D4398C812EA}.Debug|Win32.Build.0 = Debug|Win32
		{E540231E-3480-4578-BAA8-3D4398C812EA}.Debug|x64.ActiveCfg = Debug|x64
		{E540231E-3480-4578-BAA8-3D4398C812EA}.Debug|x64.Build.0 = Debug|x64
		{E540231E-3480-4578-BAA8-3D4398C812EA}.Release|Win32.ActiveCfg = Release|Win32
		{E540231E-3480-4578-BAA8-3D4398C812EA}.Release|Win32.Build.0 = Release|Win32
		{E540231E-3480-4578-BAA8-3D4398C812EA}.Release|x64.ActiveCfg = Release|x64
		{E540231E-3480-4578-BAA8-3D4398C812EA}.Release|x64.Build.0 = Release|x64
		{33D3756E-8EAB-4574-9AC4-63FBBA5E0286}.Debug|Win32.ActiveCfg = Debug|Win32
		{33D3756E-8EAB-4574-9AC4-63FBBA5E0286}.Debug|Win32.Build.0 = Debug|Win32
		{33D3756E-8EAB-4574-9AC4-63FBBA5E0286}.Debug|x64.ActiveCfg = Debug|x64
		{33D3756E-8EAB-4574-9AC4-63FBBA5E0286}.Debug|x64.Build.0 = Debug|x64
		{33D3756E-8EAB-4574-9AC4-63FBBA5E0286}.Release|Win32.ActiveCfg = Release|Win32
		{33D3756E-8EAB-4574-9AC4-63FBBA5E0286}.Release|Win32.Build.0 = Release|Win32
		{33D3756E-8EAB-4574-9AC4-63FBBA5E0286}.Release|x64.ActiveCfg = Release|x64
		{33D3756E-8EAB-4574-9AC4-63FBBA5E0286}.Release|x64.Build.0 = Release|x64
		{84B73A0C-757A-4971-AF6C-2E2BD7B5845F}.Debug|Win32.ActiveCfg = Debug|Win32
		{84B73A0C-757A-4971-AF6C-2E2BD7B5845F}.Debug|Win32.Build.0 = Debug|Win32
		{84B73A0C-757A-4971-AF6C-2E2BD7B5845F}.Debug|x64.ActiveCfg = Debug|x64
		{84B73A0C-757A-4971-AF6C-2E2BD7B5845F}.Debug|x64.Build.0 = Debug|x64
		{84B73A0C-757A-4971-AF6C-2E2BD7B5845F}.Release|Win32.ActiveCfg = Release|Win32
		{84B73A0C-757A-4971-AF6C-2E2BD7B5845F}.Release|Win32.Build.0 = Release|Win32
		{84B73A0C-757A-4971-AF6C-2E2BD7B5845F}.Release|x64.ActiveCfg = Release|x64
		{84B73A0C-757A-4971-AF6C-2E2BD7B5845F}.Release|x64.Build.0 = Release|x64
		{0F40220C-B8F8-4E8F-9217-53AA4EE281EC}.Debug|Win32.ActiveCfg = Debug|Win32
		{0F40220C-B8F8-4E8F-9217-53AA4EE281EC}.Debug|Win32.Build.0 = Debug|Win32
		{0F40220C-B8F8-4E8F-9217-53AA4EE281EC}.Debug|x64.ActiveCfg = Debug|x64
		{0F40220C-B8F8-4E8F-9217-53AA4EE281EC}.Debug|x64.Build.0 = Debug|x64
		{0F40220C-B8F8-4E8F-9217-53AA4EE281EC}.Release|Win32.ActiveCfg = Release|Win32
		{0F40220C-B8F8-4E8F-9217-53AA4EE281EC}.Release|Win32.Build.0 = Release|Win32
		{0F40220C-B8F8-4E8F-9217-53AA4EE281EC}.Release|x64.ActiveCfg = Release|x64
		{0F40220C-B8F8-4E8F-9217-53AA4EE281EC}.Release|x64.Build.0 = Release|x64
		{54148A84-856D-4FE5-902C-1BBBEC56B14D}.Debug|Win32.ActiveCfg = Debug|Win32
		{54148A84-856D-4FE5-902C-1BBBEC56B14D}.Debug|Win32.Build.0 = Debug|Win32
		{54148A84-856D-4FE5-902C-1BBBEC56B14D}.Debug|x64.ActiveCfg = Debug|x64
		{54148A84-856D-4FE5-902C-1BBBEC56B14D}.Debug|x64.Build.0 = Debug|x64
		{54148A84-856D-4FE5-902C-1BBBEC56B14D}.Release|Win32.ActiveCfg = Release|Win32
		{54148A84-856D-4FE5-902C-1BBBEC56B14D}.Release|Win32.Build.0 = Release|Win32
		{54148A84-856D-4FE5-902C-1BBBEC56B14D}.Release|x64.ActiveCfg = Release|x64
		{54148A84-856D-4FE5-902C-1BBBEC56B14D}.Release|x64.Build.0 = Release|x64
		{C36432C7-73BF-4A64-AC70-9DF052CFA056}.Debug|Win32.ActiveCfg = Debug|Win32
		{C36432C7-73BF-4A64-AC70-9DF052CFA056}.Debug|x64.ActiveCfg = Debug|x64
		{C36432C7-73BF-4A64-AC70-9DF052CFA056}.Release|Win32.ActiveCfg = Release|Win32
		{C36432C7-73BF-4A64-AC70-9DF052CFA056}.Release|x64.ActiveCfg = Release|x64
		{5EB09CE6-6EF9-43DB-AFCC-9907197079DD}.Debug|Win32.ActiveCfg = Debug|Win32
		{5EB09CE6-6EF9-43DB-AFCC-9907197079DD}.Debug|Win32.Build.0 = Debug|Win32
		{5EB09CE6-6EF9-43DB-AFCC-9907197079DD}.Debug|x64.ActiveCfg = Debug|x64
		{5EB09CE6-6EF9-43DB-AFCC-9907197079DD}.Debug|x64.Build.0 = Debug|x64
		{5EB09CE6-6EF9-43DB-AFCC-9907197079DD}.Release|Win32.ActiveCfg = Release|Win32
		{5EB09CE6-6EF9-43DB-AFCC-9907197079DD}.Release|Win32.Build.0 = Release|Win32
		{5EB09CE6-6EF9-43DB-AFCC-9907197079DD}.Release|x64.ActiveCfg = Release|x64
		{5EB09CE6-6EF9-43DB-AFCC-9907197079DD}.Release|x64.Build.0 = Release|x64
		{6A768118-E7A3-4D59-92F6-A89783B2E589}.Debug|Win32.ActiveCfg = Debug|Win32
		{6A768118-E7A3-4D59-92F6-A89783B2E589}.Debug|Win32.Build.0 = Debug|Win32
		{6A768118-E7A3-4D59-92F6-A89783B2E589}.Debug|x64.ActiveCfg = Debug|x64
		{6A768118-E7A3-4D59-92F6-A89783B2E589}.Debug|x64.Build.0 = Debug|x64
		{6A768118-E7A3-4D59-92F6-A89783B2E589}.Release|Win32.ActiveCfg = Release|Win32
		{6A768118-E7A3-4D59-92F6-A89783B2E589}.Release|Win32.Build.0 = Release|Win32
		{6A768118-E7A3-4D59-92F6-A89783B2E589}.Release|x64.ActiveCfg = Release|x64
		{6A768118-E7A3-4D59-92F6-A89783B2E589}.Release|x64.Build.0 = Release|x64
		{3E630678-D2A8-4F6B-9C79-2C0A5BF9ACF2}.Debug|Win32.ActiveCfg = Debug|Win32
		{3E630678-D2A8-4F6B-9C79-2C0A5BF9ACF2}.Debug|Win32.Build.0 = Debug|Win32
		{3E630678-D2A8-4F6B-9C79-2C0A5BF9ACF2}.Debug|x64.ActiveCfg = Debug|x64
		{3E630678-D2A8-4F6B-9C79-2C0A5BF9ACF2}.Debug|x64.Build.0 = Debug|x64
		{3E630678-D2A8-4F6B-9C79-2C0A5BF9ACF2}.Release|Win32.ActiveCfg = Release|Win32
		{3E630678-D2A8-4F6B-9C79-2C0A5BF9ACF2}.Release|Win32.Build.0 = Release|Win32
		{3E630678-D2A8-4F6B-9C79-2C0A5BF9ACF2}.Release|x64.ActiveCfg = Release|x64
		{3E630678-D2A8-4F6B-9C79-2C0A5BF9ACF2}.Release|x64.Build.0 = Release|x64
		{4AEFD679-92BA-4D7D-B606-5DB9D22E1944}.Debug|Win32.ActiveCfg = Debug|Win32
		{4AEFD679-92BA-4D7D-B606-5DB9D22E1944}.Debug|Win32.Build.0 = Debug|Win32
		{4AEFD679-92BA-4D7D-B606-5DB9D22E1944}.Debug|x64.ActiveCfg = Debug|Win32
		{4AEFD679-92BA-4D7D-B606-5DB9D22E1944}.Release|Win32.ActiveCfg = Release|Win32
		{4AEFD679-92BA-4D7D-B606-5DB9D22E1944}.Release|Win32.Build.0 = Release|Win32
		{4AEFD679-92BA-4D7D-B606-5DB9D22E1944}.Release|x64.ActiveCfg = Release|Win32
		{01887F84-B094-4224-BF0E-FA93CEBA326F}.Debug|Win32.ActiveCfg = Debug|Win32
		{01887F84-B094-4224-BF0E-FA93CEBA326F}.Debug|Win32.Build.0 = Debug|Win32
		{01887F84-B094-4224-BF0E-FA93CEBA326F}.Debug|x64.ActiveCfg = Debug|Win32
		{01887F84-B094-4224-BF0E-FA93CEBA326F}.Release|Win32.ActiveCfg = Release|Win32
		{01887F84-B094-4224-BF0E-FA93CEBA326F}.Release|Win32.Build.0 = Release|Win32
		{01887F84-B094-4224-BF0E-FA93CEBA326F}.Release|x64.ActiveCfg = Release|Win32
		{0AE56AE6-DFA9-4FAB-9C79-4005AA3E6318}.Debug|Win32.ActiveCfg = Debug|Win32
		{0AE56AE6-DFA9-4FAB-9C79-4005AA3E6318}.Debug|Win32.Build.0 = Debug|Win32
		{0AE56AE6-DFA9-4FAB-9C79-4005AA3E6318}.Debug|x64.ActiveCfg = Debug|Win32
		{0AE56AE6-DFA9-4FAB-9C79-4005AA3E6318}.Release|Win32.ActiveCfg = Release|Win32
		{0AE56AE6-DFA9-4FAB-9C79-4005AA3E6318}.Release|Win32.Build.0 = Release|Win32
		{0AE56AE6-DFA9-4FAB-9C79-4005AA3E6318}.Release|x64.ActiveCfg = Release|Win32
		{3ED927F7-F27A-48B0-B062-DD17C32A5A00}.Debug|Win32.ActiveCfg = Debug|Win32
		{3ED927F7-F27A-48B0-B062-DD17C32A5A00}.Debug|Win32.Build.0 = Debug|Win32
		{3ED927F7-F27A-48B0-B062-DD17C32A5A00}.Debug|x64.ActiveCfg = Debug|Win32
		{3ED927F7-F27A-48B0-B062-DD17C32A5A00}.Release|Win32.ActiveCfg = Release|Win32
		{3ED927F7-F27A-48B0-B062-DD17C32A5A00}.Release|Win32.Build.0 = Release|Win32
		{3ED927F7-F27A-48B0-B062-DD17C32A5A00}.Release|x64.ActiveCfg = Release|Win32
	EndGlobalSection
	GlobalSection(SolutionProperties) = preSolution
		HideSolutionNode = FALSE
	EndGlobalSection
EndGlobal
